
Microsoft Visual Studio Solution File, Format Version 12.00
# Visual Studio Version 17
VisualStudioVersion = 17.0.31903.59
MinimumVisualStudioVersion = 10.0.40219.1
Project("{2150E333-8FDC-42A3-9474-1A3956D46DE8}") = "src", "src", "{827E0CD3-B72D-47B6-A68D-7590B98EB39B}"
EndProject
Project("{FAE04EC0-301F-11D3-BF4B-00C04F79EFBC}") = "Intervue.Domain", "src\Intervue.Domain\Intervue.Domain.csproj", "{A72E9DD2-F83B-41A7-9646-DB6AAB5461A8}"
EndProject
Project("{FAE04EC0-301F-11D3-BF4B-00C04F79EFBC}") = "Intervue.Application", "src\Intervue.Application\Intervue.Application.csproj", "{E4E6272E-8709-4DBB-A9D0-1687BCF3B7B4}"
EndProject
Project("{FAE04EC0-301F-11D3-BF4B-00C04F79EFBC}") = "Intervue.Infrastructure", "src\Intervue.Infrastructure\Intervue.Infrastructure.csproj", "{233AEC3A-9114-4C68-B049-A36EFFC0BC15}"
EndProject
Project("{FAE04EC0-301F-11D3-BF4B-00C04F79EFBC}") = "Intervue.Api", "src\Intervue.Api\Intervue.Api.csproj", "{7B774701-E3C0-4A7F-8C1A-43E349DA1BC6}"
EndProject
Project("{2150E333-8FDC-42A3-9474-1A3956D46DE8}") = "tests", "tests", "{0AB3BF05-4346-4AA6-1389-037BE0695223}"
EndProject
Project("{FAE04EC0-301F-11D3-BF4B-00C04F79EFBC}") = "Intervue.UnitTests", "tests\Intervue.UnitTests\Intervue.UnitTests.csproj", "{0B2E4A8D-78D0-4F13-9D8D-CEEA372D6AAD}"
EndProject
Project("{FAE04EC0-301F-11D3-BF4B-00C04F79EFBC}") = "Intervue.IntegrationTests", "tests\Intervue.IntegrationTests\Intervue.IntegrationTests.csproj", "{4C9E1B8A-B897-4D02-8221-63B7B74D74BC}"
EndProject
Global
	GlobalSection(SolutionConfigurationPlatforms) = preSolution
		Debug|Any CPU = Debug|Any CPU
		Debug|x64 = Debug|x64
		Debug|x86 = Debug|x86
		Release|Any CPU = Release|Any CPU
		Release|x64 = Release|x64
		Release|x86 = Release|x86
	EndGlobalSection
	GlobalSection(ProjectConfigurationPlatforms) = postSolution
		{A72E9DD2-F83B-41A7-9646-DB6AAB5461A8}.Debug|Any CPU.ActiveCfg = Debug|Any CPU
		{A72E9DD2-F83B-41A7-9646-DB6AAB5461A8}.Debug|Any CPU.Build.0 = Debug|Any CPU
		{A72E9DD2-F83B-41A7-9646-DB6AAB5461A8}.Debug|x64.ActiveCfg = Debug|Any CPU
		{A72E9DD2-F83B-41A7-9646-DB6AAB5461A8}.Debug|x64.Build.0 = Debug|Any CPU
		{A72E9DD2-F83B-41A7-9646-DB6AAB5461A8}.Debug|x86.ActiveCfg = Debug|Any CPU
		{A72E9DD2-F83B-41A7-9646-DB6AAB5461A8}.Debug|x86.Build.0 = Debug|Any CPU
		{A72E9DD2-F83B-41A7-9646-DB6AAB5461A8}.Release|Any CPU.ActiveCfg = Release|Any CPU
		{A72E9DD2-F83B-41A7-9646-DB6AAB5461A8}.Release|Any CPU.Build.0 = Release|Any CPU
		{A72E9DD2-F83B-41A7-9646-DB6AAB5461A8}.Release|x64.ActiveCfg = Release|Any CPU
		{A72E9DD2-F83B-41A7-9646-DB6AAB5461A8}.Release|x64.Build.0 = Release|Any CPU
		{A72E9DD2-F83B-41A7-9646-DB6AAB5461A8}.Release|x86.ActiveCfg = Release|Any CPU
		{A72E9DD2-F83B-41A7-9646-DB6AAB5461A8}.Release|x86.Build.0 = Release|Any CPU
		{E4E6272E-8709-4DBB-A9D0-1687BCF3B7B4}.Debug|Any CPU.ActiveCfg = Debug|Any CPU
		{E4E6272E-8709-4DBB-A9D0-1687BCF3B7B4}.Debug|Any CPU.Build.0 = Debug|Any CPU
		{E4E6272E-8709-4DBB-A9D0-1687BCF3B7B4}.Debug|x64.ActiveCfg = Debug|Any CPU
		{E4E6272E-8709-4DBB-A9D0-1687BCF3B7B4}.Debug|x64.Build.0 = Debug|Any CPU
		{E4E6272E-8709-4DBB-A9D0-1687BCF3B7B4}.Debug|x86.ActiveCfg = Debug|Any CPU
		{E4E6272E-8709-4DBB-A9D0-1687BCF3B7B4}.Debug|x86.Build.0 = Debug|Any CPU
		{E4E6272E-8709-4DBB-A9D0-1687BCF3B7B4}.Release|Any CPU.ActiveCfg = Release|Any CPU
		{E4E6272E-8709-4DBB-A9D0-1687BCF3B7B4}.Release|Any CPU.Build.0 = Release|Any CPU
		{E4E6272E-8709-4DBB-A9D0-1687BCF3B7B4}.Release|x64.ActiveCfg = Release|Any CPU
		{E4E6272E-8709-4DBB-A9D0-1687BCF3B7B4}.Release|x64.Build.0 = Release|Any CPU
		{E4E6272E-8709-4DBB-A9D0-1687BCF3B7B4}.Release|x86.ActiveCfg = Release|Any CPU
		{E4E6272E-8709-4DBB-A9D0-1687BCF3B7B4}.Release|x86.Build.0 = Release|Any CPU
		{233AEC3A-9114-4C68-B049-A36EFFC0BC15}.Debug|Any CPU.ActiveCfg = Debug|Any CPU
		{233AEC3A-9114-4C68-B049-A36EFFC0BC15}.Debug|Any CPU.Build.0 = Debug|Any CPU
		{233AEC3A-9114-4C68-B049-A36EFFC0BC15}.Debug|x64.ActiveCfg = Debug|Any CPU
		{233AEC3A-9114-4C68-B049-A36EFFC0BC15}.Debug|x64.Build.0 = Debug|Any CPU
		{233AEC3A-9114-4C68-B049-A36EFFC0BC15}.Debug|x86.ActiveCfg = Debug|Any CPU
		{233AEC3A-9114-4C68-B049-A36EFFC0BC15}.Debug|x86.Build.0 = Debug|Any CPU
		{233AEC3A-9114-4C68-B049-A36EFFC0BC15}.Release|Any CPU.ActiveCfg = Release|Any CPU
		{233AEC3A-9114-4C68-B049-A36EFFC0BC15}.Release|Any CPU.Build.0 = Release|Any CPU
		{233AEC3A-9114-4C68-B049-A36EFFC0BC15}.Release|x64.ActiveCfg = Release|Any CPU
		{233AEC3A-9114-4C68-B049-A36EFFC0BC15}.Release|x64.Build.0 = Release|Any CPU
		{233AEC3A-9114-4C68-B049-A36EFFC0BC15}.Release|x86.ActiveCfg = Release|Any CPU
		{233AEC3A-9114-4C68-B049-A36EFFC0BC15}.Release|x86.Build.0 = Release|Any CPU
		{7B774701-E3C0-4A7F-8C1A-43E349DA1BC6}.Debug|Any CPU.ActiveCfg = Debug|Any CPU
		{7B774701-E3C0-4A7F-8C1A-43E349DA1BC6}.Debug|Any CPU.Build.0 = Debug|Any CPU
		{7B774701-E3C0-4A7F-8C1A-43E349DA1BC6}.Debug|x64.ActiveCfg = Debug|Any CPU
		{7B774701-E3C0-4A7F-8C1A-43E349DA1BC6}.Debug|x64.Build.0 = Debug|Any CPU
		{7B774701-E3C0-4A7F-8C1A-43E349DA1BC6}.Debug|x86.ActiveCfg = Debug|Any CPU
		{7B774701-E3C0-4A7F-8C1A-43E349DA1BC6}.Debug|x86.Build.0 = Debug|Any CPU
		{7B774701-E3C0-4A7F-8C1A-43E349DA1BC6}.Release|Any CPU.ActiveCfg = Release|Any CPU
		{7B774701-E3C0-4A7F-8C1A-43E349DA1BC6}.Release|Any CPU.Build.0 = Release|Any CPU
		{7B774701-E3C0-4A7F-8C1A-43E349DA1BC6}.Release|x64.ActiveCfg = Release|Any CPU
		{7B774701-E3C0-4A7F-8C1A-43E349DA1BC6}.Release|x64.Build.0 = Release|Any CPU
		{7B774701-E3C0-4A7F-8C1A-43E349DA1BC6}.Release|x86.ActiveCfg = Release|Any CPU
		{7B774701-E3C0-4A7F-8C1A-43E349DA1BC6}.Release|x86.Build.0 = Release|Any CPU
		{0B2E4A8D-78D0-4F13-9D8D-CEEA372D6AAD}.Debug|Any CPU.ActiveCfg = Debug|Any CPU
		{0B2E4A8D-78D0-4F13-9D8D-CEEA372D6AAD}.Debug|Any CPU.Build.0 = Debug|Any CPU
		{0B2E4A8D-78D0-4F13-9D8D-CEEA372D6AAD}.Debug|x64.ActiveCfg = Debug|Any CPU
		{0B2E4A8D-78D0-4F13-9D8D-CEEA372D6AAD}.Debug|x64.Build.0 = Debug|Any CPU
		{0B2E4A8D-78D0-4F13-9D8D-CEEA372D6AAD}.Debug|x86.ActiveCfg = Debug|Any CPU
		{0B2E4A8D-78D0-4F13-9D8D-CEEA372D6AAD}.Debug|x86.Build.0 = Debug|Any CPU
		{0B2E4A8D-78D0-4F13-9D8D-CEEA372D6AAD}.Release|Any CPU.ActiveCfg = Release|Any CPU
		{0B2E4A8D-78D0-4F13-9D8D-CEEA372D6AAD}.Release|Any CPU.Build.0 = Release|Any CPU
		{0B2E4A8D-78D0-4F13-9D8D-CEEA372D6AAD}.Release|x64.ActiveCfg = Release|Any CPU
		{0B2E4A8D-78D0-4F13-9D8D-CEEA372D6AAD}.Release|x64.Build.0 = Release|Any CPU
		{0B2E4A8D-78D0-4F13-9D8D-CEEA372D6AAD}.Release|x86.ActiveCfg = Release|Any CPU
		{0B2E4A8D-78D0-4F13-9D8D-CEEA372D6AAD}.Release|x86.Build.0 = Release|Any CPU
		{4C9E1B8A-B897-4D02-8221-63B7B74D74BC}.Debug|Any CPU.ActiveCfg = Debug|Any CPU
		{4C9E1B8A-B897-4D02-8221-63B7B74D74BC}.Debug|Any CPU.Build.0 = Debug|Any CPU
		{4C9E1B8A-B897-4D02-8221-63B7B74D74BC}.Debug|x64.ActiveCfg = Debug|Any CPU
		{4C9E1B8A-B897-4D02-8221-63B7B74D74BC}.Debug|x64.Build.0 = Debug|Any CPU
		{4C9E1B8A-B897-4D02-8221-63B7B74D74BC}.Debug|x86.ActiveCfg = Debug|Any CPU
		{4C9E1B8A-B897-4D02-8221-63B7B74D74BC}.Debug|x86.Build.0 = Debug|Any CPU
		{4C9E1B8A-B897-4D02-8221-63B7B74D74BC}.Release|Any CPU.ActiveCfg = Release|Any CPU
		{4C9E1B8A-B897-4D02-8221-63B7B74D74BC}.Release|Any CPU.Build.0 = Release|Any CPU
		{4C9E1B8A-B897-4D02-8221-63B7B74D74BC}.Release|x64.ActiveCfg = Release|Any CPU
		{4C9E1B8A-B897-4D02-8221-63B7B74D74BC}.Release|x64.Build.0 = Release|Any CPU
		{4C9E1B8A-B897-4D02-8221-63B7B74D74BC}.Release|x86.ActiveCfg = Release|Any CPU
		{4C9E1B8A-B897-4D02-8221-63B7B74D74BC}.Release|x86.Build.0 = Release|Any CPU
	EndGlobalSection
	GlobalSection(SolutionProperties) = preSolution
		HideSolutionNode = FALSE
	EndGlobalSection
	GlobalSection(NestedProjects) = preSolution
		{A72E9DD2-F83B-41A7-9646-DB6AAB5461A8} = {827E0CD3-B72D-47B6-A68D-7590B98EB39B}
		{E4E6272E-8709-4DBB-A9D0-1687BCF3B7B4} = {827E0CD3-B72D-47B6-A68D-7590B98EB39B}
		{233AEC3A-9114-4C68-B049-A36EFFC0BC15} = {827E0CD3-B72D-47B6-A68D-7590B98EB39B}
		{7B774701-E3C0-4A7F-8C1A-43E349DA1BC6} = {827E0CD3-B72D-47B6-A68D-7590B98EB39B}
		{0B2E4A8D-78D0-4F13-9D8D-CEEA372D6AAD} = {0AB3BF05-4346-4AA6-1389-037BE0695223}
		{4C9E1B8A-B897-4D02-8221-63B7B74D74BC} = {0AB3BF05-4346-4AA6-1389-037BE0695223}
	EndGlobalSection
EndGlobal
